
Microsoft Visual Studio Solution File, Format Version 12.00
# Visual Studio 15
VisualStudioVersion = 15.0.27130.2003
MinimumVisualStudioVersion = 10.0.40219.1
Project("{FAE04EC0-301F-11D3-BF4B-00C04F79EFBC}") = "net46", "net46\net46.csproj", "{8E3DE326-9FA1-4627-828D-6410844DC0E1}"
EndProject
Project("{FAE04EC0-301F-11D3-BF4B-00C04F79EFBC}") = "net45", "net45\net45.csproj", "{59F4BE18-5A16-4C00-AC7C-F75722D2B60A}"
EndProject
Project("{FAE04EC0-301F-11D3-BF4B-00C04F79EFBC}") = "net40", "net40\net40.csproj", "{9DB424B4-9A9F-4922-B8DF-87B77158CBB7}"
EndProject
Project("{FAE04EC0-301F-11D3-BF4B-00C04F79EFBC}") = "netstandard2.0", "netstandard2.0\netstandard2.0.csproj", "{BC0F9298-A08B-457F-A157-7A17002C370F}"
EndProject
Global
	GlobalSection(SolutionConfigurationPlatforms) = preSolution
		Debug|Any CPU = Debug|Any CPU
		Release|Any CPU = Release|Any CPU
	EndGlobalSection
	GlobalSection(ProjectConfigurationPlatforms) = postSolution
		{8E3DE326-9FA1-4627-828D-6410844DC0E1}.Debug|Any CPU.ActiveCfg = Debug|Any CPU
		{8E3DE326-9FA1-4627-828D-6410844DC0E1}.Debug|Any CPU.Build.0 = Debug|Any CPU
		{8E3DE326-9FA1-4627-828D-6410844DC0E1}.Release|Any CPU.ActiveCfg = Release|Any CPU
		{8E3DE326-9FA1-4627-828D-6410844DC0E1}.Release|Any CPU.Build.0 = Release|Any CPU
		{59F4BE18-5A16-4C00-AC7C-F75722D2B60A}.Debug|Any CPU.ActiveCfg = Debug|Any CPU
		{59F4BE18-5A16-4C00-AC7C-F75722D2B60A}.Debug|Any CPU.Build.0 = Debug|Any CPU
		{59F4BE18-5A16-4C00-AC7C-F75722D2B60A}.Release|Any CPU.ActiveCfg = Release|Any CPU
		{59F4BE18-5A16-4C00-AC7C-F75722D2B60A}.Release|Any CPU.Build.0 = Release|Any CPU
		{9DB424B4-9A9F-4922-B8DF-87B77158CBB7}.Debug|Any CPU.ActiveCfg = Debug|Any CPU
		{9DB424B4-9A9F-4922-B8DF-87B77158CBB7}.Debug|Any CPU.Build.0 = Debug|Any CPU
		{9DB424B4-9A9F-4922-B8DF-87B77158CBB7}.Release|Any CPU.ActiveCfg = Release|Any CPU
		{9DB424B4-9A9F-4922-B8DF-87B77158CBB7}.Release|Any CPU.Build.0 = Release|Any CPU
		{BC0F9298-A08B-457F-A157-7A17002C370F}.Debug|Any CPU.ActiveCfg = Debug|Any CPU
		{BC0F9298-A08B-457F-A157-7A17002C370F}.Debug|Any CPU.Build.0 = Debug|Any CPU
		{BC0F9298-A08B-457F-A157-7A17002C370F}.Release|Any CPU.ActiveCfg = Release|Any CPU
		{BC0F9298-A08B-457F-A157-7A17002C370F}.Release|Any CPU.Build.0 = Release|Any CPU
	EndGlobalSection
	GlobalSection(SolutionProperties) = preSolution
		HideSolutionNode = FALSE
	EndGlobalSection
	GlobalSection(ExtensibilityGlobals) = postSolution
		SolutionGuid = {E9902C5A-4EAF-4522-A9E0-651344EC7EE0}
	EndGlobalSection
EndGlobal
